
Microsoft Visual Studio Solution File, Format Version 12.00
# Visual Studio Version 16
VisualStudioVersion = 16.0.31507.150
MinimumVisualStudioVersion = 10.0.40219.1
Project("{00D1A9C2-B5F0-4AF3-8072-F6C62B433612}") = "SampleDbProject", "SampleDbProject\SampleDbProject.sqlproj", "{B4BF1993-946D-4106-9AB5-98DAD598143A}"
EndProject
Global
	GlobalSection(SolutionConfigurationPlatforms) = preSolution
		Debug|Any CPU = Debug|Any CPU
		Release|Any CPU = Release|Any CPU
	EndGlobalSection
	GlobalSection(ProjectConfigurationPlatforms) = postSolution
		{B4BF1993-946D-4106-9AB5-98DAD598143A}.Debug|Any CPU.ActiveCfg = Debug|Any CPU
		{B4BF1993-946D-4106-9AB5-98DAD598143A}.Debug|Any CPU.Build.0 = Debug|Any CPU
		{B4BF1993-946D-4106-9AB5-98DAD598143A}.Debug|Any CPU.Deploy.0 = Debug|Any CPU
		{B4BF1993-946D-4106-9AB5-98DAD598143A}.Release|Any CPU.ActiveCfg = Release|Any CPU
		{B4BF1993-946D-4106-9AB5-98DAD598143A}.Release|Any CPU.Build.0 = Release|Any CPU
		{B4BF1993-946D-4106-9AB5-98DAD598143A}.Release|Any CPU.Deploy.0 = Release|Any CPU
	EndGlobalSection
	GlobalSection(SolutionProperties) = preSolution
		HideSolutionNode = FALSE
	EndGlobalSection
	GlobalSection(ExtensibilityGlobals) = postSolution
		SolutionGuid = {4BF939D2-FD6B-4EA5-82C7-E333A1F02F52}
	EndGlobalSection
EndGlobal
